{
  "name": "NP",
  "lockfileVersion": 2,
  "requires": true,
  "packages": {
    "": {
      "dependencies": {
        "basic-ftp": "^5.0.3",
        "nodemailer": "^6.9.3"
      }
    },
    "node_modules/basic-ftp": {
      "version": "5.0.3",
      "resolved": "https://registry.npmjs.org/basic-ftp/-/basic-ftp-5.0.3.tgz",
      "integrity": "sha512-QHX8HLlncOLpy54mh+k/sWIFd0ThmRqwe9ZjELybGZK+tZ8rUb9VO0saKJUROTbE+KhzDUT7xziGpGrW8Kmd+g==",
      "engines": {
        "node": ">=10.0.0"
      }
    },
    "node_modules/nodemailer": {
      "version": "6.9.3",
      "resolved": "https://registry.npmjs.org/nodemailer/-/nodemailer-6.9.3.tgz",
      "integrity": "sha512-fy9v3NgTzBngrMFkDsKEj0r02U7jm6XfC3b52eoNV+GCrGj+s8pt5OqhiJdWKuw51zCTdiNR/IUD1z33LIIGpg==",
      "engines": {
        "node": ">=6.0.0"
      }
    }
  },
  "dependencies": {
    "basic-ftp": {
      "version": "5.0.3",
      "resolved": "https://registry.npmjs.org/basic-ftp/-/basic-ftp-5.0.3.tgz",
      "integrity": "sha512-QHX8HLlncOLpy54mh+k/sWIFd0ThmRqwe9ZjELybGZK+tZ8rUb9VO0saKJUROTbE+KhzDUT7xziGpGrW8Kmd+g=="
    },
    "nodemailer": {
      "version": "6.9.3",
      "resolved": "https://registry.npmjs.org/nodemailer/-/nodemailer-6.9.3.tgz",
      "integrity": "sha512-fy9v3NgTzBngrMFkDsKEj0r02U7jm6XfC3b52eoNV+GCrGj+s8pt5OqhiJdWKuw51zCTdiNR/IUD1z33LIIGpg=="
    }
  }
}
